{
    "version": 3,
    "terraform_version": "0.11.5",
    "serial": 7,
    "lineage": "98176069-3557-62c8-d488-a2d53cdfe956",
    "modules": [
        {
            "path": [
                "root"
            ],
            "outputs": {
                "Bucket Name": {
                    "sensitive": false,
                    "type": "string",
                    "value": "la-terraform-12244"
                },
                "Public Instance IDs": {
                    "sensitive": false,
                    "type": "string",
                    "value": "i-05667f855b8c6ab52, i-089ea4a66d6eb87a8"
                },
                "Public Instance IPs": {
                    "sensitive": false,
                    "type": "string",
                    "value": "34.218.49.5, 34.219.36.206"
                },
                "Public Security Group": {
                    "sensitive": false,
                    "type": "string",
                    "value": "sg-0e1a1052623df2438"
                },
                "Public Subnets": {
                    "sensitive": false,
                    "type": "string",
                    "value": "subnet-0ea62e82ca81d399a, subnet-0e650c4968e41164d"
                },
                "Subnet IPs": {
                    "sensitive": false,
                    "type": "string",
                    "value": "10.123.1.0/24, 10.123.2.0/24"
                }
            },
            "resources": {},
            "depends_on": []
        },
        {
            "path": [
                "root",
                "compute"
            ],
            "outputs": {
                "server_id": {
                    "sensitive": false,
                    "type": "string",
                    "value": "i-05667f855b8c6ab52, i-089ea4a66d6eb87a8"
                },
                "server_ip": {
                    "sensitive": false,
                    "type": "string",
                    "value": "34.218.49.5, 34.219.36.206"
                }
            },
            "resources": {
                "aws_instance.tf_server.0": {
                    "type": "aws_instance",
                    "depends_on": [
                        "aws_key_pair.tf_auth",
                        "data.aws_ami.server_ami",
                        "data.template_file.user-init.*"
                    ],
                    "primary": {
                        "id": "i-05667f855b8c6ab52",
                        "attributes": {
                            "ami": "ami-0ad99772",
                            "associate_public_ip_address": "true",
                            "availability_zone": "us-west-2a",
                            "credit_specification.#": "1",
                            "credit_specification.0.cpu_credits": "standard",
                            "disable_api_termination": "false",
                            "ebs_block_device.#": "0",
                            "ebs_optimized": "false",
                            "ephemeral_block_device.#": "0",
                            "get_password_data": "false",
                            "iam_instance_profile": "",
                            "id": "i-05667f855b8c6ab52",
                            "instance_state": "running",
                            "instance_type": "t2.micro",
                            "ipv6_addresses.#": "0",
                            "key_name": "tf_key",
                            "monitoring": "false",
                            "network_interface.#": "0",
                            "network_interface_id": "eni-0b37bbb41277e9db4",
                            "password_data": "",
                            "placement_group": "",
                            "primary_network_interface_id": "eni-0b37bbb41277e9db4",
                            "private_dns": "ip-10-123-1-28.us-west-2.compute.internal",
                            "private_ip": "10.123.1.28",
                            "public_dns": "ec2-34-218-49-5.us-west-2.compute.amazonaws.com",
                            "public_ip": "34.218.49.5",
                            "root_block_device.#": "1",
                            "root_block_device.0.delete_on_termination": "true",
                            "root_block_device.0.iops": "100",
                            "root_block_device.0.volume_id": "vol-074e446459cc62c81",
                            "root_block_device.0.volume_size": "8",
                            "root_block_device.0.volume_type": "gp2",
                            "security_groups.#": "0",
                            "source_dest_check": "true",
                            "subnet_id": "subnet-0ea62e82ca81d399a",
                            "tags.%": "1",
                            "tags.name": "tf_server-1",
                            "tenancy": "default",
                            "user_data": "9f9a005a6f6230b8e55393080c09726eb3c35b3a",
                            "volume_tags.%": "0",
                            "vpc_security_group_ids.#": "1",
                            "vpc_security_group_ids.638488232": "sg-0e1a1052623df2438"
                        },
                        "meta": {
                            "e2bfb730-ecaa-11e6-8f88-34363bc7c4c0": {
                                "create": 600000000000,
                                "delete": 1200000000000,
                                "update": 600000000000
                            },
                            "schema_version": "1"
                        },
                        "tainted": false
                    },
                    "deposed": [],
                    "provider": "provider.aws"
                },
                "aws_instance.tf_server.1": {
                    "type": "aws_instance",
                    "depends_on": [
                        "aws_key_pair.tf_auth",
                        "data.aws_ami.server_ami",
                        "data.template_file.user-init.*"
                    ],
                    "primary": {
                        "id": "i-089ea4a66d6eb87a8",
                        "attributes": {
                            "ami": "ami-0ad99772",
                            "associate_public_ip_address": "true",
                            "availability_zone": "us-west-2b",
                            "credit_specification.#": "1",
                            "credit_specification.0.cpu_credits": "standard",
                            "disable_api_termination": "false",
                            "ebs_block_device.#": "0",
                            "ebs_optimized": "false",
                            "ephemeral_block_device.#": "0",
                            "get_password_data": "false",
                            "iam_instance_profile": "",
                            "id": "i-089ea4a66d6eb87a8",
                            "instance_state": "running",
                            "instance_type": "t2.micro",
                            "ipv6_addresses.#": "0",
                            "key_name": "tf_key",
                            "monitoring": "false",
                            "network_interface.#": "0",
                            "network_interface_id": "eni-0efb844de4ea40f5b",
                            "password_data": "",
                            "placement_group": "",
                            "primary_network_interface_id": "eni-0efb844de4ea40f5b",
                            "private_dns": "ip-10-123-2-191.us-west-2.compute.internal",
                            "private_ip": "10.123.2.191",
                            "public_dns": "ec2-34-219-36-206.us-west-2.compute.amazonaws.com",
                            "public_ip": "34.219.36.206",
                            "root_block_device.#": "1",
                            "root_block_device.0.delete_on_termination": "true",
                            "root_block_device.0.iops": "100",
                            "root_block_device.0.volume_id": "vol-088a1055e7561fe2f",
                            "root_block_device.0.volume_size": "8",
                            "root_block_device.0.volume_type": "gp2",
                            "security_groups.#": "0",
                            "source_dest_check": "true",
                            "subnet_id": "subnet-0e650c4968e41164d",
                            "tags.%": "1",
                            "tags.name": "tf_server-2",
                            "tenancy": "default",
                            "user_data": "f6fa08c213844773d9a2c9278fb6ffa971c02b25",
                            "volume_tags.%": "0",
                            "vpc_security_group_ids.#": "1",
                            "vpc_security_group_ids.638488232": "sg-0e1a1052623df2438"
                        },
                        "meta": {
                            "e2bfb730-ecaa-11e6-8f88-34363bc7c4c0": {
                                "create": 600000000000,
                                "delete": 1200000000000,
                                "update": 600000000000
                            },
                            "schema_version": "1"
                        },
                        "tainted": false
                    },
                    "deposed": [],
                    "provider": "provider.aws"
                },
                "aws_key_pair.tf_auth": {
                    "type": "aws_key_pair",
                    "depends_on": [],
                    "primary": {
                        "id": "tf_key",
                        "attributes": {
                            "id": "tf_key",
                            "key_name": "tf_key",
                            "public_key": "ssh-rsa AAAAB3NzaC1yc2EAAAADAQABAAABAQC4mWoG6p0dTwf53UIz5D2wkA3b1T24iBR+2qpklQMf8V9mrgvN3VpvaYrm11F/m8ZOfL6pjT/EK8HYYU4TFBIL+kh0RiqpJra+b6af+wYlh27aXrBxw/6eVlZhZDc3q2JOvg48FqLaH5Z/wFt4tLivUtTvrXDYJbhq3o53u1SB2YM1sJis9uETJ9ASTW12Unc3Qz/JTvTVJ2Znt0ty7VgO8cKGyJo+rYSGwTq+4umL4SKxX7YTv2Q3xgt7z7GAji+uPGW1DBfhwSfehTN+qH4HUuII5I3937G7iC206Qm31JU8IzAsQ2ovpXFLl/PLL2D69rC+dkqSVma98YXOu4TX ec2-user@ip-172-31-32-158"
                        },
                        "meta": {
                            "schema_version": "1"
                        },
                        "tainted": false
                    },
                    "deposed": [],
                    "provider": "provider.aws"
                },
                "data.aws_ami.server_ami": {
                    "type": "aws_ami",
                    "depends_on": [],
                    "primary": {
                        "id": "ami-0ad99772",
                        "attributes": {
                            "architecture": "x86_64",
                            "block_device_mappings.#": "1",
                            "block_device_mappings.340275815.device_name": "/dev/xvda",
                            "block_device_mappings.340275815.ebs.%": "6",
                            "block_device_mappings.340275815.ebs.delete_on_termination": "true",
                            "block_device_mappings.340275815.ebs.encrypted": "false",
                            "block_device_mappings.340275815.ebs.iops": "0",
                            "block_device_mappings.340275815.ebs.snapshot_id": "snap-063d9cbcdd68679dd",
                            "block_device_mappings.340275815.ebs.volume_size": "8",
                            "block_device_mappings.340275815.ebs.volume_type": "gp2",
                            "block_device_mappings.340275815.no_device": "",
                            "block_device_mappings.340275815.virtual_name": "",
                            "creation_date": "2018-06-22T22:27:00.000Z",
                            "description": "Amazon Linux AMI 2018.03.0.20180622 x86_64 HVM GP2",
                            "filter.#": "2",
                            "filter.2898439165.name": "name",
                            "filter.2898439165.values.#": "1",
                            "filter.2898439165.values.0": "amzn-ami-hvm*-x86_64-gp2",
                            "filter.574890044.name": "owner-alias",
                            "filter.574890044.values.#": "1",
                            "filter.574890044.values.0": "amazon",
                            "hypervisor": "xen",
                            "id": "ami-0ad99772",
                            "image_id": "ami-0ad99772",
                            "image_location": "amazon/amzn-ami-hvm-2018.03.0.20180622-x86_64-gp2",
                            "image_owner_alias": "amazon",
                            "image_type": "machine",
                            "most_recent": "true",
                            "name": "amzn-ami-hvm-2018.03.0.20180622-x86_64-gp2",
                            "owner_id": "137112412989",
                            "product_codes.#": "0",
                            "public": "true",
                            "root_device_name": "/dev/xvda",
                            "root_device_type": "ebs",
                            "root_snapshot_id": "snap-063d9cbcdd68679dd",
                            "sriov_net_support": "simple",
                            "state": "available",
                            "state_reason.%": "2",
                            "state_reason.code": "UNSET",
                            "state_reason.message": "UNSET",
                            "tags.%": "0",
                            "virtualization_type": "hvm"
                        },
                        "meta": {},
                        "tainted": false
                    },
                    "deposed": [],
                    "provider": "provider.aws"
                },
                "data.template_file.user-init.0": {
                    "type": "template_file",
                    "depends_on": [],
                    "primary": {
                        "id": "6f0e7cfc39776e1be4acdad0dfbe580361b5b72c02ad271a0390e2b44d07e81a",
                        "attributes": {
                            "id": "6f0e7cfc39776e1be4acdad0dfbe580361b5b72c02ad271a0390e2b44d07e81a",
                            "rendered": "#!/bin/bash\n\nyum install httpd -y\necho \"Subnet for Firewall: 10.123.1.0/24\" \u003e\u003e /var/www/html/index.html\n\nservice httpd start\n\nchkconfig httpd on",
                            "template": "#!/bin/bash\n\nyum install httpd -y\necho \"Subnet for Firewall: ${firewall_subnets}\" \u003e\u003e /var/www/html/index.html\n\nservice httpd start\n\nchkconfig httpd on",
                            "vars.%": "1",
                            "vars.firewall_subnets": "10.123.1.0/24"
                        },
                        "meta": {},
                        "tainted": false
                    },
                    "deposed": [],
                    "provider": "provider.template"
                },
                "data.template_file.user-init.1": {
                    "type": "template_file",
                    "depends_on": [],
                    "primary": {
                        "id": "b072b7aea31705b75f1cf689ae16b283aaf54226212b63af5540749d5a97f930",
                        "attributes": {
                            "id": "b072b7aea31705b75f1cf689ae16b283aaf54226212b63af5540749d5a97f930",
                            "rendered": "#!/bin/bash\n\nyum install httpd -y\necho \"Subnet for Firewall: 10.123.2.0/24\" \u003e\u003e /var/www/html/index.html\n\nservice httpd start\n\nchkconfig httpd on",
                            "template": "#!/bin/bash\n\nyum install httpd -y\necho \"Subnet for Firewall: ${firewall_subnets}\" \u003e\u003e /var/www/html/index.html\n\nservice httpd start\n\nchkconfig httpd on",
                            "vars.%": "1",
                            "vars.firewall_subnets": "10.123.2.0/24"
                        },
                        "meta": {},
                        "tainted": false
                    },
                    "deposed": [],
                    "provider": "provider.template"
                }
            },
            "depends_on": []
        },
        {
            "path": [
                "root",
                "networking"
            ],
            "outputs": {
                "public_sg": {
                    "sensitive": false,
                    "type": "string",
                    "value": "sg-0e1a1052623df2438"
                },
                "public_subnets": {
                    "sensitive": false,
                    "type": "list",
                    "value": [
                        "subnet-0ea62e82ca81d399a",
                        "subnet-0e650c4968e41164d"
                    ]
                },
                "subnet_ips": {
                    "sensitive": false,
                    "type": "list",
                    "value": [
                        "10.123.1.0/24",
                        "10.123.2.0/24"
                    ]
                }
            },
            "resources": {
                "aws_default_route_table.tf_private_rt": {
                    "type": "aws_default_route_table",
                    "depends_on": [
                        "aws_vpc.tf_vpc"
                    ],
                    "primary": {
                        "id": "rtb-00a6ca833720c685b",
                        "attributes": {
                            "default_route_table_id": "rtb-00a6ca833720c685b",
                            "id": "rtb-00a6ca833720c685b",
                            "propagating_vgws.#": "0",
                            "route.#": "0",
                            "tags.%": "1",
                            "tags.Name": "tf_private",
                            "vpc_id": "vpc-0dca2b53c068d9f72"
                        },
                        "meta": {},
                        "tainted": false
                    },
                    "deposed": [],
                    "provider": "provider.aws"
                },
                "aws_internet_gateway.tf_internet_gateway": {
                    "type": "aws_internet_gateway",
                    "depends_on": [
                        "aws_vpc.tf_vpc"
                    ],
                    "primary": {
                        "id": "igw-0641f0b84768a1bd7",
                        "attributes": {
                            "id": "igw-0641f0b84768a1bd7",
                            "tags.%": "1",
                            "tags.Name": "tf_igw",
                            "vpc_id": "vpc-0dca2b53c068d9f72"
                        },
                        "meta": {},
                        "tainted": false
                    },
                    "deposed": [],
                    "provider": "provider.aws"
                },
                "aws_route_table.tf_public_rt": {
                    "type": "aws_route_table",
                    "depends_on": [
                        "aws_internet_gateway.tf_internet_gateway",
                        "aws_vpc.tf_vpc"
                    ],
                    "primary": {
                        "id": "rtb-08be7c1de116544a3",
                        "attributes": {
                            "id": "rtb-08be7c1de116544a3",
                            "propagating_vgws.#": "0",
                            "route.#": "1",
                            "route.81920764.cidr_block": "0.0.0.0/0",
                            "route.81920764.egress_only_gateway_id": "",
                            "route.81920764.gateway_id": "igw-0641f0b84768a1bd7",
                            "route.81920764.instance_id": "",
                            "route.81920764.ipv6_cidr_block": "",
                            "route.81920764.nat_gateway_id": "",
                            "route.81920764.network_interface_id": "",
                            "route.81920764.vpc_peering_connection_id": "",
                            "tags.%": "1",
                            "tags.Name": "tf_public",
                            "vpc_id": "vpc-0dca2b53c068d9f72"
                        },
                        "meta": {},
                        "tainted": false
                    },
                    "deposed": [],
                    "provider": "provider.aws"
                },
                "aws_route_table_association.tf_public_assoc.0": {
                    "type": "aws_route_table_association",
                    "depends_on": [
                        "aws_route_table.tf_public_rt",
                        "aws_subnet.tf_public_subnet",
                        "aws_subnet.tf_public_subnet.*"
                    ],
                    "primary": {
                        "id": "rtbassoc-01df569ae356a81bf",
                        "attributes": {
                            "id": "rtbassoc-01df569ae356a81bf",
                            "route_table_id": "rtb-08be7c1de116544a3",
                            "subnet_id": "subnet-0ea62e82ca81d399a"
                        },
                        "meta": {},
                        "tainted": false
                    },
                    "deposed": [],
                    "provider": "provider.aws"
                },
                "aws_route_table_association.tf_public_assoc.1": {
                    "type": "aws_route_table_association",
                    "depends_on": [
                        "aws_route_table.tf_public_rt",
                        "aws_subnet.tf_public_subnet",
                        "aws_subnet.tf_public_subnet.*"
                    ],
                    "primary": {
                        "id": "rtbassoc-00b5c51e147c70664",
                        "attributes": {
                            "id": "rtbassoc-00b5c51e147c70664",
                            "route_table_id": "rtb-08be7c1de116544a3",
                            "subnet_id": "subnet-0e650c4968e41164d"
                        },
                        "meta": {},
                        "tainted": false
                    },
                    "deposed": [],
                    "provider": "provider.aws"
                },
                "aws_security_group.tf_public_sg": {
                    "type": "aws_security_group",
                    "depends_on": [
                        "aws_vpc.tf_vpc"
                    ],
                    "primary": {
                        "id": "sg-0e1a1052623df2438",
                        "attributes": {
                            "arn": "arn:aws:ec2:us-west-2:938602750121:security-group/sg-0e1a1052623df2438",
                            "description": "Used for access to the public instances",
                            "egress.#": "1",
                            "egress.482069346.cidr_blocks.#": "1",
                            "egress.482069346.cidr_blocks.0": "0.0.0.0/0",
                            "egress.482069346.description": "",
                            "egress.482069346.from_port": "0",
                            "egress.482069346.ipv6_cidr_blocks.#": "0",
                            "egress.482069346.prefix_list_ids.#": "0",
                            "egress.482069346.protocol": "-1",
                            "egress.482069346.security_groups.#": "0",
                            "egress.482069346.self": "false",
                            "egress.482069346.to_port": "0",
                            "id": "sg-0e1a1052623df2438",
                            "ingress.#": "2",
                            "ingress.2214680975.cidr_blocks.#": "1",
                            "ingress.2214680975.cidr_blocks.0": "0.0.0.0/0",
                            "ingress.2214680975.description": "",
                            "ingress.2214680975.from_port": "80",
                            "ingress.2214680975.ipv6_cidr_blocks.#": "0",
                            "ingress.2214680975.protocol": "tcp",
                            "ingress.2214680975.security_groups.#": "0",
                            "ingress.2214680975.self": "false",
                            "ingress.2214680975.to_port": "80",
                            "ingress.2541437006.cidr_blocks.#": "1",
                            "ingress.2541437006.cidr_blocks.0": "0.0.0.0/0",
                            "ingress.2541437006.description": "",
                            "ingress.2541437006.from_port": "22",
                            "ingress.2541437006.ipv6_cidr_blocks.#": "0",
                            "ingress.2541437006.protocol": "tcp",
                            "ingress.2541437006.security_groups.#": "0",
                            "ingress.2541437006.self": "false",
                            "ingress.2541437006.to_port": "22",
                            "name": "tf_public_sg",
                            "owner_id": "938602750121",
                            "revoke_rules_on_delete": "false",
                            "tags.%": "0",
                            "vpc_id": "vpc-0dca2b53c068d9f72"
                        },
                        "meta": {
                            "e2bfb730-ecaa-11e6-8f88-34363bc7c4c0": {
                                "create": 600000000000,
                                "delete": 600000000000
                            },
                            "schema_version": "1"
                        },
                        "tainted": false
                    },
                    "deposed": [],
                    "provider": "provider.aws"
                },
                "aws_subnet.tf_public_subnet.0": {
                    "type": "aws_subnet",
                    "depends_on": [
                        "aws_vpc.tf_vpc",
                        "data.aws_availability_zones.available"
                    ],
                    "primary": {
                        "id": "subnet-0ea62e82ca81d399a",
                        "attributes": {
                            "assign_ipv6_address_on_creation": "false",
                            "availability_zone": "us-west-2a",
                            "cidr_block": "10.123.1.0/24",
                            "id": "subnet-0ea62e82ca81d399a",
                            "map_public_ip_on_launch": "true",
                            "tags.%": "1",
                            "tags.Name": "tf_public_1",
                            "vpc_id": "vpc-0dca2b53c068d9f72"
                        },
                        "meta": {
                            "schema_version": "1"
                        },
                        "tainted": false
                    },
                    "deposed": [],
                    "provider": "provider.aws"
                },
                "aws_subnet.tf_public_subnet.1": {
                    "type": "aws_subnet",
                    "depends_on": [
                        "aws_vpc.tf_vpc",
                        "data.aws_availability_zones.available"
                    ],
                    "primary": {
                        "id": "subnet-0e650c4968e41164d",
                        "attributes": {
                            "assign_ipv6_address_on_creation": "false",
                            "availability_zone": "us-west-2b",
                            "cidr_block": "10.123.2.0/24",
                            "id": "subnet-0e650c4968e41164d",
                            "map_public_ip_on_launch": "true",
                            "tags.%": "1",
                            "tags.Name": "tf_public_2",
                            "vpc_id": "vpc-0dca2b53c068d9f72"
                        },
                        "meta": {
                            "schema_version": "1"
                        },
                        "tainted": false
                    },
                    "deposed": [],
                    "provider": "provider.aws"
                },
                "aws_vpc.tf_vpc": {
                    "type": "aws_vpc",
                    "depends_on": [],
                    "primary": {
                        "id": "vpc-0dca2b53c068d9f72",
                        "attributes": {
                            "assign_generated_ipv6_cidr_block": "false",
                            "cidr_block": "10.123.0.0/16",
                            "default_network_acl_id": "acl-04323a3b976f05c68",
                            "default_route_table_id": "rtb-00a6ca833720c685b",
                            "default_security_group_id": "sg-067444a62e8995f19",
                            "dhcp_options_id": "dopt-385e4b41",
                            "enable_classiclink": "false",
                            "enable_classiclink_dns_support": "false",
                            "enable_dns_hostnames": "true",
                            "enable_dns_support": "true",
                            "id": "vpc-0dca2b53c068d9f72",
                            "instance_tenancy": "default",
                            "main_route_table_id": "rtb-00a6ca833720c685b",
                            "tags.%": "1",
                            "tags.Name": "tf_vpc"
                        },
                        "meta": {
                            "schema_version": "1"
                        },
                        "tainted": false
                    },
                    "deposed": [],
                    "provider": "provider.aws"
                },
                "data.aws_availability_zones.available": {
                    "type": "aws_availability_zones",
                    "depends_on": [],
                    "primary": {
                        "id": "2018-07-11 12:02:01.653027847 +0000 UTC",
                        "attributes": {
                            "id": "2018-07-11 12:02:01.653027847 +0000 UTC",
                            "names.#": "3",
                            "names.0": "us-west-2a",
                            "names.1": "us-west-2b",
                            "names.2": "us-west-2c"
                        },
                        "meta": {},
                        "tainted": false
                    },
                    "deposed": [],
                    "provider": "provider.aws"
                }
            },
            "depends_on": []
        },
        {
            "path": [
                "root",
                "storage"
            ],
            "outputs": {
                "bucketname": {
                    "sensitive": false,
                    "type": "string",
                    "value": "la-terraform-12244"
                }
            },
            "resources": {
                "aws_s3_bucket.tf_code": {
                    "type": "aws_s3_bucket",
                    "depends_on": [
                        "random_id.tf_bucket_id"
                    ],
                    "primary": {
                        "id": "la-terraform-12244",
                        "attributes": {
                            "acceleration_status": "",
                            "acl": "private",
                            "arn": "arn:aws:s3:::la-terraform-12244",
                            "bucket": "la-terraform-12244",
                            "bucket_domain_name": "la-terraform-12244.s3.amazonaws.com",
                            "bucket_regional_domain_name": "la-terraform-12244.s3.us-west-2.amazonaws.com",
                            "cors_rule.#": "0",
                            "force_destroy": "true",
                            "hosted_zone_id": "Z3BJ6K6RIION7M",
                            "id": "la-terraform-12244",
                            "logging.#": "0",
                            "region": "us-west-2",
                            "replication_configuration.#": "0",
                            "request_payer": "BucketOwner",
                            "server_side_encryption_configuration.#": "0",
                            "tags.%": "1",
                            "tags.Name": "tf_bucket",
                            "versioning.#": "1",
                            "versioning.0.enabled": "false",
                            "versioning.0.mfa_delete": "false",
                            "website.#": "0"
                        },
                        "meta": {},
                        "tainted": false
                    },
                    "deposed": [],
                    "provider": "provider.aws"
                },
                "random_id.tf_bucket_id": {
                    "type": "random_id",
                    "depends_on": [],
                    "primary": {
                        "id": "L9Q",
                        "attributes": {
                            "b64": "L9Q",
                            "b64_std": "L9Q=",
                            "b64_url": "L9Q",
                            "byte_length": "2",
                            "dec": "12244",
                            "hex": "2fd4",
                            "id": "L9Q"
                        },
                        "meta": {},
                        "tainted": false
                    },
                    "deposed": [],
                    "provider": "provider.random"
                }
            },
            "depends_on": []
        }
    ]
}
