{
    "version": 3,
    "terraform_version": "0.11.5",
    "serial": 2,
    "lineage": "8a4e8697-97ae-7dfd-73ff-3598c7dfce60",
    "modules": [
        {
            "path": [
                "root"
            ],
            "outputs": {
                "IP Address": {
                    "sensitive": false,
                    "type": "string",
                    "value": "172.17.0.2"
                },
                "container_name": {
                    "sensitive": false,
                    "type": "string",
                    "value": "dev_blog"
                }
            },
            "resources": {},
            "depends_on": []
        },
        {
            "path": [
                "root",
                "container"
            ],
            "outputs": {
                "container_name": {
                    "sensitive": false,
                    "type": "string",
                    "value": "dev_blog"
                },
                "ip": {
                    "sensitive": false,
                    "type": "string",
                    "value": "172.17.0.2"
                }
            },
            "resources": {
                "docker_container.container_id": {
                    "type": "docker_container",
                    "depends_on": [],
                    "primary": {
                        "id": "7b2cd97a498d6112a60d38a518f8d0e3057bed5183982c2e9867e11f5a67e81b",
                        "attributes": {
                            "bridge": "",
                            "gateway": "172.17.0.1",
                            "id": "7b2cd97a498d6112a60d38a518f8d0e3057bed5183982c2e9867e11f5a67e81b",
                            "image": "sha256:1d828b9543a28c6d45e8108d059906f554fe2278587019826ef3327cc98d6f03",
                            "ip_address": "172.17.0.2",
                            "ip_prefix_length": "16",
                            "log_driver": "json-file",
                            "must_run": "true",
                            "name": "dev_blog",
                            "ports.#": "1",
                            "ports.1910880248.external": "8080",
                            "ports.1910880248.internal": "2368",
                            "ports.1910880248.ip": "",
                            "ports.1910880248.protocol": "tcp",
                            "restart": "no"
                        },
                        "meta": {},
                        "tainted": false
                    },
                    "deposed": [],
                    "provider": "provider.docker"
                }
            },
            "depends_on": []
        },
        {
            "path": [
                "root",
                "image"
            ],
            "outputs": {
                "image_out": {
                    "sensitive": false,
                    "type": "string",
                    "value": "sha256:1d828b9543a28c6d45e8108d059906f554fe2278587019826ef3327cc98d6f03"
                }
            },
            "resources": {
                "docker_image.image_id": {
                    "type": "docker_image",
                    "depends_on": [],
                    "primary": {
                        "id": "sha256:1d828b9543a28c6d45e8108d059906f554fe2278587019826ef3327cc98d6f03ghost:latest",
                        "attributes": {
                            "id": "sha256:1d828b9543a28c6d45e8108d059906f554fe2278587019826ef3327cc98d6f03ghost:latest",
                            "latest": "sha256:1d828b9543a28c6d45e8108d059906f554fe2278587019826ef3327cc98d6f03",
                            "name": "ghost:latest"
                        },
                        "meta": {},
                        "tainted": false
                    },
                    "deposed": [],
                    "provider": "provider.docker"
                }
            },
            "depends_on": []
        }
    ]
}
